// !$*UTF8*$!
{
	archiveVersion = 1;
	classes = {
	};
	objectVersion = 48;
	objects = {

/* Begin PBXBuildFile section */
		B4B95DD71FB9B99E001D419D /* AppDelegate.swift in Sources */ = {isa = PBXBuildFile; fileRef = B4B95DD61FB9B99E001D419D /* AppDelegate.swift */; };
		B4B95DD91FB9B99E001D419D /* ViewController.swift in Sources */ = {isa = PBXBuildFile; fileRef = B4B95DD81FB9B99E001D419D /* ViewController.swift */; };
		B4B95DDC1FB9B99E001D419D /* Main.storyboard in Resources */ = {isa = PBXBuildFile; fileRef = B4B95DDA1FB9B99E001D419D /* Main.storyboard */; };
		B4B95DDE1FB9B99E001D419D /* Assets.xcassets in Resources */ = {isa = PBXBuildFile; fileRef = B4B95DDD1FB9B99E001D419D /* Assets.xcassets */; };
		B4B95DE11FB9B99E001D419D /* LaunchScreen.storyboard in Resources */ = {isa = PBXBuildFile; fileRef = B4B95DDF1FB9B99E001D419D /* LaunchScreen.storyboard */; };
		B4B95DE91FB9C182001D419D /* Model.swift in Sources */ = {isa = PBXBuildFile; fileRef = B4B95DE81FB9C182001D419D /* Model.swift */; };
/* End PBXBuildFile section */

/* Begin PBXFileReference section */
		B4B95DD31FB9B99E001D419D /* Api asynch calls.app */ = {isa = PBXFileReference; explicitFileType = wrapper.application; includeInIndex = 0; path = "Api asynch calls.app"; sourceTree = BUILT_PRODUCTS_DIR; };
		B4B95DD61FB9B99E001D419D /* AppDelegate.swift */ = {isa = PBXFileReference; lastKnownFileType = sourcecode.swift; path = AppDelegate.swift; sourceTree = "<group>"; };
		B4B95DD81FB9B99E001D419D /* ViewController.swift */ = {isa = PBXFileReference; lastKnownFileType = sourcecode.swift; path = ViewController.swift; sourceTree = "<group>"; };
		B4B95DDB1FB9B99E001D419D /* Base */ = {isa = PBXFileReference; lastKnownFileType = file.storyboard; name = Base; path = Base.lproj/Main.storyboard; sourceTree = "<group>"; };
		B4B95DDD1FB9B99E001D419D /* Assets.xcassets */ = {isa = PBXFileReference; lastKnownFileType = folder.assetcatalog; path = Assets.xcassets; sourceTree = "<group>"; };
		B4B95DE01FB9B99E001D419D /* Base */ = {isa = PBXFileReference; lastKnownFileType = file.storyboard; name = Base; path = Base.lproj/LaunchScreen.storyboard; sourceTree = "<group>"; };
		B4B95DE21FB9B99E001D419D /* Info.plist */ = {isa = PBXFileReference; lastKnownFileType = text.plist.xml; path = Info.plist; sourceTree = "<group>"; };
		B4B95DE81FB9C182001D419D /* Model.swift */ = {isa = PBXFileReference; lastKnownFileType = sourcecode.swift; path = Model.swift; sourceTree = "<group>"; };
/* End PBXFileReference section */

/* Begin PBXFrameworksBuildPhase section */
		B4B95DD01FB9B99E001D419D /* Frameworks */ = {
			isa = PBXFrameworksBuildPhase;
			buildActionMask = 2147483647;
			files = (
			);
			runOnlyForDeploymentPostprocessing = 0;
		};
/* End PBXFrameworksBuildPhase section */

/* Begin PBXGroup section */
		B4B95DCA1FB9B99E001D419D = {
			isa = PBXGroup;
			children = (
				B4B95DD51FB9B99E001D419D /* Api asynch calls */,
				B4B95DD41FB9B99E001D419D /* Products */,
			);
			sourceTree = "<group>";
		};
		B4B95DD41FB9B99E001D419D /* Products */ = {
			isa = PBXGroup;
			children = (
				B4B95DD31FB9B99E001D419D /* Api asynch calls.app */,
			);
			name = Products;
			sourceTree = "<group>";
		};
		B4B95DD51FB9B99E001D419D /* Api asynch calls */ = {
			isa = PBXGroup;
			children = (
				B4B95DD81FB9B99E001D419D /* ViewController.swift */,
				B4B95DE81FB9C182001D419D /* Model.swift */,
				B4B95DDA1FB9B99E001D419D /* Main.storyboard */,
				B4B95DDD1FB9B99E001D419D /* Assets.xcassets */,
				B4B95DDF1FB9B99E001D419D /* LaunchScreen.storyboard */,
				B4B95DE21FB9B99E001D419D /* Info.plist */,
				B4B95DD61FB9B99E001D419D /* AppDelegate.swift */,
			);
			path = "Api asynch calls";
			sourceTree = "<group>";
		};
/* End PBXGroup section */

/* Begin PBXNativeTarget section */
		B4B95DD21FB9B99E001D419D /* Api asynch calls */ = {
			isa = PBXNativeTarget;
			buildConfigurationList = B4B95DE51FB9B99E001D419D /* Build configuration list for PBXNativeTarget "Api asynch calls" */;
			buildPhases = (
				B4B95DCF1FB9B99E001D419D /* Sources */,
				B4B95DD01FB9B99E001D419D /* Frameworks */,
				B4B95DD11FB9B99E001D419D /* Resources */,
			);
			buildRules = (
			);
			dependencies = (
			);
			name = "Api asynch calls";
			productName = "Api asynch calls";
			productReference = B4B95DD31FB9B99E001D419D /* Api asynch calls.app */;
			productType = "com.apple.product-type.application";
		};
/* End PBXNativeTarget section */

/* Begin PBXProject section */
		B4B95DCB1FB9B99E001D419D /* Project object */ = {
			isa = PBXProject;
			attributes = {
				LastSwiftUpdateCheck = 0910;
				LastUpgradeCheck = 0910;
				ORGANIZATIONNAME = "Dominik Reczek";
				TargetAttributes = {
					B4B95DD21FB9B99E001D419D = {
						CreatedOnToolsVersion = 9.1;
						ProvisioningStyle = Automatic;
					};
				};
			};
			buildConfigurationList = B4B95DCE1FB9B99E001D419D /* Build configuration list for PBXProject "Api asynch calls" */;
			compatibilityVersion = "Xcode 8.0";
			developmentRegion = en;
			hasScannedForEncodings = 0;
			knownRegions = (
				en,
				Base,
			);
			mainGroup = B4B95DCA1FB9B99E001D419D;
			productRefGroup = B4B95DD41FB9B99E001D419D /* Products */;
			projectDirPath = "";
			projectRoot = "";
			targets = (
				B4B95DD21FB9B99E001D419D /* Api asynch calls */,
			);
		};
/* End PBXProject section */

/* Begin PBXResourcesBuildPhase section */
		B4B95DD11FB9B99E001D419D /* Resources */ = {
			isa = PBXResourcesBuildPhase;
			buildActionMask = 2147483647;
			files = (
				B4B95DE11FB9B99E001D419D /* LaunchScreen.storyboard in Resources */,
				B4B95DDE1FB9B99E001D419D /* Assets.xcassets in Resources */,
				B4B95DDC1FB9B99E001D419D /* Main.storyboard in Resources */,
			);
			runOnlyForDeploymentPostprocessing = 0;
		};
/* End PBXResourcesBuildPhase section */

/* Begin PBXSourcesBuildPhase section */
		B4B95DCF1FB9B99E001D419D /* Sources */ = {
			isa = PBXSourcesBuildPhase;
			buildActionMask = 2147483647;
			files = (
				B4B95DD91FB9B99E001D419D /* ViewController.swift in Sources */,
				B4B95DE91FB9C182001D419D /* Model.swift in Sources */,
				B4B95DD71FB9B99E001D419D /* AppDelegate.swift in Sources */,
			);
			runOnlyForDeploymentPostprocessing = 0;
		};
/* End PBXSourcesBuildPhase section */

/* Begin PBXVariantGroup section */
		B4B95DDA1FB9B99E001D419D /* Main.storyboard */ = {
			isa = PBXVariantGroup;
			children = (
				B4B95DDB1FB9B99E001D419D /* Base */,
			);
			name = Main.storyboard;
			sourceTree = "<group>";
		};
		B4B95DDF1FB9B99E001D419D /* LaunchScreen.storyboard */ = {
			isa = PBXVariantGroup;
			children = (
				B4B95DE01FB9B99E001D419D /* Base */,
			);
			name = LaunchScreen.storyboard;
			sourceTree = "<group>";
		};
/* End PBXVariantGroup section */

/* Begin XCBuildConfiguration section */
		B4B95DE31FB9B99E001D419D /* Debug */ = {
			isa = XCBuildConfiguration;
			buildSettings = {
				ALWAYS_SEARCH_USER_PATHS = NO;
				CLANG_ANALYZER_NONNULL = YES;
				CLANG_ANALYZER_NUMBER_OBJECT_CONVERSION = YES_AGGRESSIVE;
				CLANG_CXX_LANGUAGE_STANDARD = "gnu++14";
				CLANG_CXX_LIBRARY = "libc++";
				CLANG_ENABLE_MODULES = YES;
				CLANG_ENABLE_OBJC_ARC = YES;
				CLANG_WARN_BLOCK_CAPTURE_AUTORELEASING = YES;
				CLANG_WARN_BOOL_CONVERSION = YES;
				CLANG_WARN_COMMA = YES;
				CLANG_WARN_CONSTANT_CONVERSION = YES;
				CLANG_WARN_DIRECT_OBJC_ISA_USAGE = YES_ERROR;
				CLANG_WARN_DOCUMENTATION_COMMENTS = YES;
				CLANG_WARN_EMPTY_BODY = YES;
				CLANG_WARN_ENUM_CONVERSION = YES;
				CLANG_WARN_INFINITE_RECURSION = YES;
				CLANG_WARN_INT_CONVERSION = YES;
				CLANG_WARN_NON_LITERAL_NULL_CONVERSION = YES;
				CLANG_WARN_OBJC_LITERAL_CONVERSION = YES;
				CLANG_WARN_OBJC_ROOT_CLASS = YES_ERROR;
				CLANG_WARN_RANGE_LOOP_ANALYSIS = YES;
				CLANG_WARN_STRICT_PROTOTYPES = YES;
				CLANG_WARN_SUSPICIOUS_MOVE = YES;
				CLANG_WARN_UNGUARDED_AVAILABILITY = YES_AGGRESSIVE;
				CLANG_WARN_UNREACHABLE_CODE = YES;
				CLANG_WARN__DUPLICATE_METHOD_MATCH = YES;
				CODE_SIGN_IDENTITY = "iPhone Developer";
				COPY_PHASE_STRIP = NO;
				DEBUG_INFORMATION_FORMAT = dwarf;
				ENABLE_STRICT_OBJC_MSGSEND = YES;
				ENABLE_TESTABILITY = YES;
				GCC_C_LANGUAGE_STANDARD = gnu11;
				GCC_DYNAMIC_NO_PIC = NO;
				GCC_NO_COMMON_BLOCKS = YES;
				GCC_OPTIMIZATION_LEVEL = 0;
				GCC_PREPROCESSOR_DEFINITIONS = (
					"DEBUG=1",
					"$(inherited)",
				);
				GCC_WARN_64_TO_32_BIT_CONVERSION = YES;
				GCC_WARN_ABOUT_RETURN_TYPE = YES_ERROR;
				GCC_WARN_UNDECLARED_SELECTOR = YES;
				GCC_WARN_UNINITIALIZED_AUTOS = YES_AGGRESSIVE;
				GCC_WARN_UNUSED_FUNCTION = YES;
				GCC_WARN_UNUSED_VARIABLE = YES;
				IPHONEOS_DEPLOYMENT_TARGET = 11.1;
				MTL_ENABLE_DEBUG_INFO = YES;
				ONLY_ACTIVE_ARCH = YES;
				SDKROOT = iphoneos;
				SWIFT_ACTIVE_COMPILATION_CONDITIONS = DEBUG;
				SWIFT_OPTIMIZATION_LEVEL = "-Onone";
			};
			name = Debug;
		};
		B4B95DE41FB9B99E001D419D /* Release */ = {
			isa = XCBuildConfiguration;
			buildSettings = {
				ALWAYS_SEARCH_USER_PATHS = NO;
				CLANG_ANALYZER_NONNULL = YES;
				CLANG_ANALYZER_NUMBER_OBJECT_CONVERSION = YES_AGGRESSIVE;
				CLANG_CXX_LANGUAGE_STANDARD = "gnu++14";
				CLANG_CXX_LIBRARY = "libc++";
				CLANG_ENABLE_MODULES = YES;
				CLANG_ENABLE_OBJC_ARC = YES;
				CLANG_WARN_BLOCK_CAPTURE_AUTORELEASING = YES;
				CLANG_WARN_BOOL_CONVERSION = YES;
				CLANG_WARN_COMMA = YES;
				CLANG_WARN_CONSTANT_CONVERSION = YES;
				CLANG_WARN_DIRECT_OBJC_ISA_USAGE = YES_ERROR;
				CLANG_WARN_DOCUMENTATION_COMMENTS = YES;
				CLANG_WARN_EMPTY_BODY = YES;
				CLANG_WARN_ENUM_CONVERSION = YES;
				CLANG_WARN_INFINITE_RECURSION = YES;
				CLANG_WARN_INT_CONVERSION = YES;
				CLANG_WARN_NON_LITERAL_NULL_CONVERSION = YES;
				CLANG_WARN_OBJC_LITERAL_CONVERSION = YES;
				CLANG_WARN_OBJC_ROOT_CLASS = YES_ERROR;
				CLANG_WARN_RANGE_LOOP_ANALYSIS = YES;
				CLANG_WARN_STRICT_PROTOTYPES = YES;
				CLANG_WARN_SUSPICIOUS_MOVE = YES;
				CLANG_WARN_UNGUARDED_AVAILABILITY = YES_AGGRESSIVE;
				CLANG_WARN_UNREACHABLE_CODE = YES;
				CLANG_WARN__DUPLICATE_METHOD_MATCH = YES;
				CODE_SIGN_IDENTITY = "iPhone Developer";
				COPY_PHASE_STRIP = NO;
				DEBUG_INFORMATION_FORMAT = "dwarf-with-dsym";
				ENABLE_NS_ASSERTIONS = NO;
				ENABLE_STRICT_OBJC_MSGSEND = YES;
				GCC_C_LANGUAGE_STANDARD = gnu11;
				GCC_NO_COMMON_BLOCKS = YES;
				GCC_WARN_64_TO_32_BIT_CONVERSION = YES;
				GCC_WARN_ABOUT_RETURN_TYPE = YES_ERROR;
				GCC_WARN_UNDECLARED_SELECTOR = YES;
				GCC_WARN_UNINITIALIZED_AUTOS = YES_AGGRESSIVE;
				GCC_WARN_UNUSED_FUNCTION = YES;
				GCC_WARN_UNUSED_VARIABLE = YES;
				IPHONEOS_DEPLOYMENT_TARGET = 11.1;
				MTL_ENABLE_DEBUG_INFO = NO;
				SDKROOT = iphoneos;
				SWIFT_OPTIMIZATION_LEVEL = "-Owholemodule";
				VALIDATE_PRODUCT = YES;
			};
			name = Release;
		};
		B4B95DE61FB9B99E001D419D /* Debug */ = {
			isa = XCBuildConfiguration;
			buildSettings = {
				ASSETCATALOG_COMPILER_APPICON_NAME = AppIcon;
				CODE_SIGN_STYLE = Automatic;
				DEVELOPMENT_TEAM = 8BA4XK6Q7R;
				INFOPLIST_FILE = "Api asynch calls/Info.plist";
				LD_RUNPATH_SEARCH_PATHS = "$(inherited) @executable_path/Frameworks";
				PRODUCT_BUNDLE_IDENTIFIER = "Dominik-Reczek.Api-asynch-calls";
				PRODUCT_NAME = "$(TARGET_NAME)";
				SWIFT_VERSION = 4.0;
				TARGETED_DEVICE_FAMILY = "1,2";
			};
			name = Debug;
		};
		B4B95DE71FB9B99E001D419D /* Release */ = {
			isa = XCBuildConfiguration;
			buildSettings = {
				ASSETCATALOG_COMPILER_APPICON_NAME = AppIcon;
				CODE_SIGN_STYLE = Automatic;
				DEVELOPMENT_TEAM = 8BA4XK6Q7R;
				INFOPLIST_FILE = "Api asynch calls/Info.plist";
				LD_RUNPATH_SEARCH_PATHS = "$(inherited) @executable_path/Frameworks";
				PRODUCT_BUNDLE_IDENTIFIER = "Dominik-Reczek.Api-asynch-calls";
				PRODUCT_NAME = "$(TARGET_NAME)";
				SWIFT_VERSION = 4.0;
				TARGETED_DEVICE_FAMILY = "1,2";
			};
			name = Release;
		};
/* End XCBuildConfiguration section */

/* Begin XCConfigurationList section */
		B4B95DCE1FB9B99E001D419D /* Build configuration list for PBXProject "Api asynch calls" */ = {
			isa = XCConfigurationList;
			buildConfigurations = (
				B4B95DE31FB9B99E001D419D /* Debug */,
				B4B95DE41FB9B99E001D419D /* Release */,
			);
			defaultConfigurationIsVisible = 0;
			defaultConfigurationName = Release;
		};
		B4B95DE51FB9B99E001D419D /* Build configuration list for PBXNativeTarget "Api asynch calls" */ = {
			isa = XCConfigurationList;
			buildConfigurations = (
				B4B95DE61FB9B99E001D419D /* Debug */,
				B4B95DE71FB9B99E001D419D /* Release */,
			);
			defaultConfigurationIsVisible = 0;
			defaultConfigurationName = Release;
		};
/* End XCConfigurationList section */
	};
	rootObject = B4B95DCB1FB9B99E001D419D /* Project object */;
}
